
Microsoft Visual Studio Solution File, Format Version 12.00
Project("{FAE04EC0-301F-11D3-BF4B-00C04F79EFBC}") = "Igit.Core", "Igit.Core\Igit.Core.csproj", "{4F1765D3-C1F1-46B5-B4A1-E35A6B80F977}"
EndProject
Project("{FAE04EC0-301F-11D3-BF4B-00C04F79EFBC}") = "Igit.Entities", "Igit.Entities\Igit.Entities.csproj", "{30D7F661-61D9-4C39-B683-F9114D95BB42}"
EndProject
Project("{FAE04EC0-301F-11D3-BF4B-00C04F79EFBC}") = "Igit.Postgres", "Igit.Postgres\Igit.Postgres.csproj", "{0974491A-DCBF-423F-B26E-FFF06F3613D4}"
EndProject
Project("{FAE04EC0-301F-11D3-BF4B-00C04F79EFBC}") = "Igit.Application", "Igit.Application\Igit.Application.csproj", "{4741D2C6-706A-45EE-B8BF-0A6978C0C70F}"
EndProject
Project("{FAE04EC0-301F-11D3-BF4B-00C04F79EFBC}") = "Igit.Abstractions", "Igit.Abstractions\Igit.Abstractions.csproj", "{A4F0870A-A833-4151-AE38-3B06714D5300}"
EndProject
Project("{FAE04EC0-301F-11D3-BF4B-00C04F79EFBC}") = "Igit.Mapping", "Igit.Mapping\Igit.Mapping.csproj", "{C961AC8D-F7F2-4C26-AF94-237B077252C7}"
EndProject
Project("{2150E333-8FDC-42A3-9474-1A3956D46DE8}") = "Test", "Test", "{A1328919-68DB-4A0E-A736-8A2267AEBF9E}"
EndProject
Project("{2150E333-8FDC-42A3-9474-1A3956D46DE8}") = "Src", "Src", "{3D1CB635-A382-426E-B5EB-F1CF7098A6EB}"
EndProject
Project("{FAE04EC0-301F-11D3-BF4B-00C04F79EFBC}") = "Igit.Application.Tests", "Tests\Igit.Application.Tests\Igit.Application.Tests.csproj", "{679FBBCA-817C-4230-855B-88E773CB792D}"
EndProject
Project("{FAE04EC0-301F-11D3-BF4B-00C04F79EFBC}") = "Igit.Fixture", "Igit.Fixture\Igit.Fixture.csproj", "{4A2EB25F-D690-4D0A-942B-5D497A85D94C}"
EndProject
Project("{FAE04EC0-301F-11D3-BF4B-00C04F79EFBC}") = "Igit.Api", "Igit.Api\Igit.Api.csproj", "{4BAC8AF2-8E81-4B63-8937-F49C1E3EB311}"
EndProject
Global
	GlobalSection(SolutionConfigurationPlatforms) = preSolution
		Debug|Any CPU = Debug|Any CPU
		Release|Any CPU = Release|Any CPU
	EndGlobalSection
	GlobalSection(ProjectConfigurationPlatforms) = postSolution
		{4F1765D3-C1F1-46B5-B4A1-E35A6B80F977}.Debug|Any CPU.ActiveCfg = Debug|Any CPU
		{4F1765D3-C1F1-46B5-B4A1-E35A6B80F977}.Debug|Any CPU.Build.0 = Debug|Any CPU
		{4F1765D3-C1F1-46B5-B4A1-E35A6B80F977}.Release|Any CPU.ActiveCfg = Release|Any CPU
		{4F1765D3-C1F1-46B5-B4A1-E35A6B80F977}.Release|Any CPU.Build.0 = Release|Any CPU
		{30D7F661-61D9-4C39-B683-F9114D95BB42}.Debug|Any CPU.ActiveCfg = Debug|Any CPU
		{30D7F661-61D9-4C39-B683-F9114D95BB42}.Debug|Any CPU.Build.0 = Debug|Any CPU
		{30D7F661-61D9-4C39-B683-F9114D95BB42}.Release|Any CPU.ActiveCfg = Release|Any CPU
		{30D7F661-61D9-4C39-B683-F9114D95BB42}.Release|Any CPU.Build.0 = Release|Any CPU
		{0974491A-DCBF-423F-B26E-FFF06F3613D4}.Debug|Any CPU.ActiveCfg = Debug|Any CPU
		{0974491A-DCBF-423F-B26E-FFF06F3613D4}.Debug|Any CPU.Build.0 = Debug|Any CPU
		{0974491A-DCBF-423F-B26E-FFF06F3613D4}.Release|Any CPU.ActiveCfg = Release|Any CPU
		{0974491A-DCBF-423F-B26E-FFF06F3613D4}.Release|Any CPU.Build.0 = Release|Any CPU
		{4741D2C6-706A-45EE-B8BF-0A6978C0C70F}.Debug|Any CPU.ActiveCfg = Debug|Any CPU
		{4741D2C6-706A-45EE-B8BF-0A6978C0C70F}.Debug|Any CPU.Build.0 = Debug|Any CPU
		{4741D2C6-706A-45EE-B8BF-0A6978C0C70F}.Release|Any CPU.ActiveCfg = Release|Any CPU
		{4741D2C6-706A-45EE-B8BF-0A6978C0C70F}.Release|Any CPU.Build.0 = Release|Any CPU
		{A4F0870A-A833-4151-AE38-3B06714D5300}.Debug|Any CPU.ActiveCfg = Debug|Any CPU
		{A4F0870A-A833-4151-AE38-3B06714D5300}.Debug|Any CPU.Build.0 = Debug|Any CPU
		{A4F0870A-A833-4151-AE38-3B06714D5300}.Release|Any CPU.ActiveCfg = Release|Any CPU
		{A4F0870A-A833-4151-AE38-3B06714D5300}.Release|Any CPU.Build.0 = Release|Any CPU
		{C961AC8D-F7F2-4C26-AF94-237B077252C7}.Debug|Any CPU.ActiveCfg = Debug|Any CPU
		{C961AC8D-F7F2-4C26-AF94-237B077252C7}.Debug|Any CPU.Build.0 = Debug|Any CPU
		{C961AC8D-F7F2-4C26-AF94-237B077252C7}.Release|Any CPU.ActiveCfg = Release|Any CPU
		{C961AC8D-F7F2-4C26-AF94-237B077252C7}.Release|Any CPU.Build.0 = Release|Any CPU
		{679FBBCA-817C-4230-855B-88E773CB792D}.Debug|Any CPU.ActiveCfg = Debug|Any CPU
		{679FBBCA-817C-4230-855B-88E773CB792D}.Debug|Any CPU.Build.0 = Debug|Any CPU
		{679FBBCA-817C-4230-855B-88E773CB792D}.Release|Any CPU.ActiveCfg = Release|Any CPU
		{679FBBCA-817C-4230-855B-88E773CB792D}.Release|Any CPU.Build.0 = Release|Any CPU
		{4A2EB25F-D690-4D0A-942B-5D497A85D94C}.Debug|Any CPU.ActiveCfg = Debug|Any CPU
		{4A2EB25F-D690-4D0A-942B-5D497A85D94C}.Debug|Any CPU.Build.0 = Debug|Any CPU
		{4A2EB25F-D690-4D0A-942B-5D497A85D94C}.Release|Any CPU.ActiveCfg = Release|Any CPU
		{4A2EB25F-D690-4D0A-942B-5D497A85D94C}.Release|Any CPU.Build.0 = Release|Any CPU
		{4BAC8AF2-8E81-4B63-8937-F49C1E3EB311}.Debug|Any CPU.ActiveCfg = Debug|Any CPU
		{4BAC8AF2-8E81-4B63-8937-F49C1E3EB311}.Debug|Any CPU.Build.0 = Debug|Any CPU
		{4BAC8AF2-8E81-4B63-8937-F49C1E3EB311}.Release|Any CPU.ActiveCfg = Release|Any CPU
		{4BAC8AF2-8E81-4B63-8937-F49C1E3EB311}.Release|Any CPU.Build.0 = Release|Any CPU
	EndGlobalSection
	GlobalSection(NestedProjects) = preSolution
		{A4F0870A-A833-4151-AE38-3B06714D5300} = {3D1CB635-A382-426E-B5EB-F1CF7098A6EB}
		{4741D2C6-706A-45EE-B8BF-0A6978C0C70F} = {3D1CB635-A382-426E-B5EB-F1CF7098A6EB}
		{4F1765D3-C1F1-46B5-B4A1-E35A6B80F977} = {3D1CB635-A382-426E-B5EB-F1CF7098A6EB}
		{30D7F661-61D9-4C39-B683-F9114D95BB42} = {3D1CB635-A382-426E-B5EB-F1CF7098A6EB}
		{C961AC8D-F7F2-4C26-AF94-237B077252C7} = {3D1CB635-A382-426E-B5EB-F1CF7098A6EB}
		{0974491A-DCBF-423F-B26E-FFF06F3613D4} = {3D1CB635-A382-426E-B5EB-F1CF7098A6EB}
		{679FBBCA-817C-4230-855B-88E773CB792D} = {A1328919-68DB-4A0E-A736-8A2267AEBF9E}
		{4A2EB25F-D690-4D0A-942B-5D497A85D94C} = {A1328919-68DB-4A0E-A736-8A2267AEBF9E}
		{4BAC8AF2-8E81-4B63-8937-F49C1E3EB311} = {3D1CB635-A382-426E-B5EB-F1CF7098A6EB}
	EndGlobalSection
EndGlobal
